#
# This file is autogenerated by pip-compile with Python 3.12
# by the following command:
#
#    pip-compile --generate-hashes --no-index --output-file=requirements.lock requirements.txt
#
file:vendor/embit-0.8.2+besa.1-py3-none-any.whl \
    --hash=sha256:41a5e7e850a09f58cae0819ead68a96c4600f90b4e83a5a82f6af49b9d5660ba
    # via -r requirements.txt
