#
# This file is autogenerated by pip-compile with Python 3.12
# by the following command:
#
#    pip-compile --generate-hashes --no-index --output-file=requirements.lock requirements.txt
#
embit==0.8.0 \
    --hash=sha256:8bf4b10073c67400370ce523fb16f035fe759f6fdd987c579bdcc268d75ed770
    # via -r requirements.txt
