#
# This file is autogenerated by pip-compile with Python 3.12
# by the following command:
#
#    pip-compile --generate-hashes --no-index --output-file=requirements.lock requirements.txt
#
file:vendor/embit-0.8.2+besa.1-py3-none-any.whl \
    --hash=sha256:77aec9344be124c0718503eb1f7f3c44dfbb01a929e5b974f7edfe2ad206dce0
    # via -r requirements.txt
